
Microsoft Visual Studio Solution File, Format Version 12.00
# Visual Studio 15
VisualStudioVersion = 15.0.26124.0
MinimumVisualStudioVersion = 15.0.26124.0
Project("{9A19103F-16F7-4668-BE54-9A1E7A4F7556}") = "ViewDemo01", "ViewDemo01\ViewDemo01.csproj", "{8B07B0F7-3B21-4ABF-8564-F796B5F15A0D}"
EndProject
Project("{FAE04EC0-301F-11D3-BF4B-00C04F79EFBC}") = "ViewDemo01.Tests", "ViewDemo01.Tests\ViewDemo01.Tests.csproj", "{9F62FA33-F108-4127-B478-5AEDE683528D}"
EndProject
Global
	GlobalSection(SolutionConfigurationPlatforms) = preSolution
		Debug|Any CPU = Debug|Any CPU
		Debug|x64 = Debug|x64
		Debug|x86 = Debug|x86
		Release|Any CPU = Release|Any CPU
		Release|x64 = Release|x64
		Release|x86 = Release|x86
	EndGlobalSection
	GlobalSection(ProjectConfigurationPlatforms) = postSolution
		{8B07B0F7-3B21-4ABF-8564-F796B5F15A0D}.Debug|Any CPU.ActiveCfg = Debug|Any CPU
		{8B07B0F7-3B21-4ABF-8564-F796B5F15A0D}.Debug|Any CPU.Build.0 = Debug|Any CPU
		{8B07B0F7-3B21-4ABF-8564-F796B5F15A0D}.Debug|x64.ActiveCfg = Debug|Any CPU
		{8B07B0F7-3B21-4ABF-8564-F796B5F15A0D}.Debug|x64.Build.0 = Debug|Any CPU
		{8B07B0F7-3B21-4ABF-8564-F796B5F15A0D}.Debug|x86.ActiveCfg = Debug|Any CPU
		{8B07B0F7-3B21-4ABF-8564-F796B5F15A0D}.Debug|x86.Build.0 = Debug|Any CPU
		{8B07B0F7-3B21-4ABF-8564-F796B5F15A0D}.Release|Any CPU.ActiveCfg = Release|Any CPU
		{8B07B0F7-3B21-4ABF-8564-F796B5F15A0D}.Release|Any CPU.Build.0 = Release|Any CPU
		{8B07B0F7-3B21-4ABF-8564-F796B5F15A0D}.Release|x64.ActiveCfg = Release|Any CPU
		{8B07B0F7-3B21-4ABF-8564-F796B5F15A0D}.Release|x64.Build.0 = Release|Any CPU
		{8B07B0F7-3B21-4ABF-8564-F796B5F15A0D}.Release|x86.ActiveCfg = Release|Any CPU
		{8B07B0F7-3B21-4ABF-8564-F796B5F15A0D}.Release|x86.Build.0 = Release|Any CPU
		{9F62FA33-F108-4127-B478-5AEDE683528D}.Debug|Any CPU.ActiveCfg = Debug|Any CPU
		{9F62FA33-F108-4127-B478-5AEDE683528D}.Debug|Any CPU.Build.0 = Debug|Any CPU
		{9F62FA33-F108-4127-B478-5AEDE683528D}.Debug|x64.ActiveCfg = Debug|Any CPU
		{9F62FA33-F108-4127-B478-5AEDE683528D}.Debug|x64.Build.0 = Debug|Any CPU
		{9F62FA33-F108-4127-B478-5AEDE683528D}.Debug|x86.ActiveCfg = Debug|Any CPU
		{9F62FA33-F108-4127-B478-5AEDE683528D}.Debug|x86.Build.0 = Debug|Any CPU
		{9F62FA33-F108-4127-B478-5AEDE683528D}.Release|Any CPU.ActiveCfg = Release|Any CPU
		{9F62FA33-F108-4127-B478-5AEDE683528D}.Release|Any CPU.Build.0 = Release|Any CPU
		{9F62FA33-F108-4127-B478-5AEDE683528D}.Release|x64.ActiveCfg = Release|Any CPU
		{9F62FA33-F108-4127-B478-5AEDE683528D}.Release|x64.Build.0 = Release|Any CPU
		{9F62FA33-F108-4127-B478-5AEDE683528D}.Release|x86.ActiveCfg = Release|Any CPU
		{9F62FA33-F108-4127-B478-5AEDE683528D}.Release|x86.Build.0 = Release|Any CPU
	EndGlobalSection
	GlobalSection(SolutionProperties) = preSolution
		HideSolutionNode = FALSE
	EndGlobalSection
	GlobalSection(ExtensibilityGlobals) = postSolution
		SolutionGuid = {9B307A2B-BDCA-44B7-B367-EC261DF24452}
	EndGlobalSection
EndGlobal
